
Microsoft Visual Studio Solution File, Format Version 12.00
Project("{FAE04EC0-301F-11D3-BF4B-00C04F79EFBC}") = "VideoManagementApi", "VideoManagementApi.csproj", "{F609B1B0-9B5F-4E01-93D9-77ADD32114EC}"
EndProject
Global
	GlobalSection(SolutionConfigurationPlatforms) = preSolution
		Debug|Any CPU = Debug|Any CPU
		Release|Any CPU = Release|Any CPU
	EndGlobalSection
	GlobalSection(ProjectConfigurationPlatforms) = postSolution
		{F609B1B0-9B5F-4E01-93D9-77ADD32114EC}.Debug|Any CPU.ActiveCfg = Debug|Any CPU
		{F609B1B0-9B5F-4E01-93D9-77ADD32114EC}.Debug|Any CPU.Build.0 = Debug|Any CPU
		{F609B1B0-9B5F-4E01-93D9-77ADD32114EC}.Release|Any CPU.ActiveCfg = Release|Any CPU
		{F609B1B0-9B5F-4E01-93D9-77ADD32114EC}.Release|Any CPU.Build.0 = Release|Any CPU
	EndGlobalSection
EndGlobal
